
Microsoft Visual Studio Solution File, Format Version 11.00
# Visual Studio 2010
Project("{FAE04EC0-301F-11D3-BF4B-00C04F79EFBC}") = "PlayMode", "PlayMode.csproj", "{120532AF-2BA2-48FD-057C-5DB55FD8E0C9}"
EndProject
Project("{FAE04EC0-301F-11D3-BF4B-00C04F79EFBC}") = "Assembly", "Assembly.csproj", "{DAB8BDBF-EF54-F0BF-DBA4-1584A754170F}"
EndProject
Project("{FAE04EC0-301F-11D3-BF4B-00C04F79EFBC}") = "EditMode", "EditMode.csproj", "{7549A31C-40B7-06B5-2409-3D6F273F233F}"
EndProject
Global
	GlobalSection(SolutionConfigurationPlatforms) = preSolution
		Debug|Any CPU = Debug|Any CPU
		Release|Any CPU = Release|Any CPU
	EndGlobalSection
	GlobalSection(ProjectConfigurationPlatforms) = postSolution
		{120532AF-2BA2-48FD-057C-5DB55FD8E0C9}.Debug|Any CPU.ActiveCfg = Debug|Any CPU
		{120532AF-2BA2-48FD-057C-5DB55FD8E0C9}.Debug|Any CPU.Build.0 = Debug|Any CPU
		{120532AF-2BA2-48FD-057C-5DB55FD8E0C9}.Release|Any CPU.ActiveCfg = Release|Any CPU
		{120532AF-2BA2-48FD-057C-5DB55FD8E0C9}.Release|Any CPU.Build.0 = Release|Any CPU
		{DAB8BDBF-EF54-F0BF-DBA4-1584A754170F}.Debug|Any CPU.ActiveCfg = Debug|Any CPU
		{DAB8BDBF-EF54-F0BF-DBA4-1584A754170F}.Debug|Any CPU.Build.0 = Debug|Any CPU
		{DAB8BDBF-EF54-F0BF-DBA4-1584A754170F}.Release|Any CPU.ActiveCfg = Release|Any CPU
		{DAB8BDBF-EF54-F0BF-DBA4-1584A754170F}.Release|Any CPU.Build.0 = Release|Any CPU
		{7549A31C-40B7-06B5-2409-3D6F273F233F}.Debug|Any CPU.ActiveCfg = Debug|Any CPU
		{7549A31C-40B7-06B5-2409-3D6F273F233F}.Debug|Any CPU.Build.0 = Debug|Any CPU
		{7549A31C-40B7-06B5-2409-3D6F273F233F}.Release|Any CPU.ActiveCfg = Release|Any CPU
		{7549A31C-40B7-06B5-2409-3D6F273F233F}.Release|Any CPU.Build.0 = Release|Any CPU
	EndGlobalSection
	GlobalSection(SolutionProperties) = preSolution
		HideSolutionNode = FALSE
	EndGlobalSection
EndGlobal
